<?xml version="1.0" encoding="utf-8"?>
<Project ToolsVersion="4.0" xmlns="http://schemas.microsoft.com/developer/msbuild/2003">
  <ItemGroup>
    <ClCompile Include="hsm\builder\hash.c" />
    <ClCompile Include="hsm\builder\hsm_builder.c" />
    <ClCompile Include="hsm\builder\lower.c" />
  </ItemGroup>
  <ItemGroup>
    <ClInclude Include="hsm\builder\hash.h" />
    <ClInclude Include="hsm\builder\hsm_builder.h" />
  </ItemGroup>
</Project>